
Microsoft Visual Studio Solution File, Format Version 12.00
# Visual Studio Version 17
VisualStudioVersion = 17.14.36015.10
MinimumVisualStudioVersion = 10.0.40219.1
Project("{2150E333-8FDC-42A3-9474-1A3956D46DE8}") = "Api", "Api", "{8EC462FD-D22E-90A8-E5CE-7E832BA40C5D}"
EndProject
Project("{2150E333-8FDC-42A3-9474-1A3956D46DE8}") = "CSLA", "CSLA", "{A1D75242-EB2D-47D5-A971-7F7ADD62810C}"
	ProjectSection(SolutionItems) = preProject
		CSLA\README.md = CSLA\README.md
	EndProjectSection
EndProject
Project("{2150E333-8FDC-42A3-9474-1A3956D46DE8}") = "Plain Blazor", "Plain Blazor", "{7784A950-4F93-45E6-840F-6E7AA61F1249}"
EndProject
Project("{2150E333-8FDC-42A3-9474-1A3956D46DE8}") = "Sf", "Sf", "{8302A3B3-9261-4A3C-ADA0-EFC463BA7C00}"
EndProject
Project("{FAE04EC0-301F-11D3-BF4B-00C04F79EFBC}") = "FileServer", "Api\FileServer\FileServer\FileServer.csproj", "{2A02D6BE-8747-D353-3022-C6F1527DCAA6}"
EndProject
Project("{FAE04EC0-301F-11D3-BF4B-00C04F79EFBC}") = "BlazorRef", "PlainBlazor\BlazorRef\BlazorRef\BlazorRef.csproj", "{DEBE143F-F6A7-4DD7-8B47-924383253005}"
EndProject
Project("{FAE04EC0-301F-11D3-BF4B-00C04F79EFBC}") = "BlazorRef.Client", "PlainBlazor\BlazorRef\BlazorRef.Client\BlazorRef.Client.csproj", "{D15E2EC3-DCF2-4CF8-ACC3-ACE629B502FC}"
EndProject
Project("{FAE04EC0-301F-11D3-BF4B-00C04F79EFBC}") = "UpdateFileServerHost", "Api\UpdateFileServerHost\UpdateFileServerHost.csproj", "{8F030CE7-951B-478D-5FF1-5FB9A3675BAE}"
EndProject
Project("{FAE04EC0-301F-11D3-BF4B-00C04F79EFBC}") = "CallApi_01", "PlainBlazor\CallApi_01\CallApi_01\CallApi_01\CallApi_01.csproj", "{1A70A230-41FA-37CA-CCB1-715A2446DE5E}"
EndProject
Project("{FAE04EC0-301F-11D3-BF4B-00C04F79EFBC}") = "CallApi_01.Client", "PlainBlazor\CallApi_01\CallApi_01\CallApi_01.Client\CallApi_01.Client.csproj", "{EDBC6556-02C5-AA4F-9A4E-25B7CBB2FF3B}"
EndProject
Project("{FAE04EC0-301F-11D3-BF4B-00C04F79EFBC}") = "ApiTest", "Api\ApiTest\ApiTest\ApiTest.csproj", "{5AE6ADFB-7593-DF6C-E1E5-3E1E99F0A3E3}"
EndProject
Project("{2150E333-8FDC-42A3-9474-1A3956D46DE8}") = "Blazor_Ref", "Blazor_Ref", "{02EA681E-C7D8-13C7-8484-4AC65E1B71E8}"
EndProject
Project("{2150E333-8FDC-42A3-9474-1A3956D46DE8}") = "Api_01", "Api_01", "{8F060798-F985-4A29-AA2C-442A6EBB06FA}"
EndProject
Project("{2150E333-8FDC-42A3-9474-1A3956D46DE8}") = "Api_02", "Api_02", "{B007EB0B-B76B-40BF-A10A-126D6FCE744C}"
EndProject
Project("{FAE04EC0-301F-11D3-BF4B-00C04F79EFBC}") = "CallApi_02", "PlainBlazor\CallApi_02\CallApi_02\CallApi_02.csproj", "{19819C7E-87C5-68CF-4F83-44247ED79856}"
EndProject
Project("{2150E333-8FDC-42A3-9474-1A3956D46DE8}") = "xDocs", "xDocs", "{DA04991F-B531-4295-8ABC-F26344112EA0}"
	ProjectSection(SolutionItems) = preProject
		xDocs\README.md = xDocs\README.md
	EndProjectSection
EndProject
Global
	GlobalSection(SolutionConfigurationPlatforms) = preSolution
		Debug|Any CPU = Debug|Any CPU
		Release|Any CPU = Release|Any CPU
	EndGlobalSection
	GlobalSection(ProjectConfigurationPlatforms) = postSolution
		{2A02D6BE-8747-D353-3022-C6F1527DCAA6}.Debug|Any CPU.ActiveCfg = Debug|Any CPU
		{2A02D6BE-8747-D353-3022-C6F1527DCAA6}.Debug|Any CPU.Build.0 = Debug|Any CPU
		{2A02D6BE-8747-D353-3022-C6F1527DCAA6}.Release|Any CPU.ActiveCfg = Release|Any CPU
		{2A02D6BE-8747-D353-3022-C6F1527DCAA6}.Release|Any CPU.Build.0 = Release|Any CPU
		{DEBE143F-F6A7-4DD7-8B47-924383253005}.Debug|Any CPU.ActiveCfg = Debug|Any CPU
		{DEBE143F-F6A7-4DD7-8B47-924383253005}.Debug|Any CPU.Build.0 = Debug|Any CPU
		{DEBE143F-F6A7-4DD7-8B47-924383253005}.Release|Any CPU.ActiveCfg = Release|Any CPU
		{DEBE143F-F6A7-4DD7-8B47-924383253005}.Release|Any CPU.Build.0 = Release|Any CPU
		{D15E2EC3-DCF2-4CF8-ACC3-ACE629B502FC}.Debug|Any CPU.ActiveCfg = Debug|Any CPU
		{D15E2EC3-DCF2-4CF8-ACC3-ACE629B502FC}.Debug|Any CPU.Build.0 = Debug|Any CPU
		{D15E2EC3-DCF2-4CF8-ACC3-ACE629B502FC}.Release|Any CPU.ActiveCfg = Release|Any CPU
		{D15E2EC3-DCF2-4CF8-ACC3-ACE629B502FC}.Release|Any CPU.Build.0 = Release|Any CPU
		{8F030CE7-951B-478D-5FF1-5FB9A3675BAE}.Debug|Any CPU.ActiveCfg = Debug|Any CPU
		{8F030CE7-951B-478D-5FF1-5FB9A3675BAE}.Debug|Any CPU.Build.0 = Debug|Any CPU
		{8F030CE7-951B-478D-5FF1-5FB9A3675BAE}.Release|Any CPU.ActiveCfg = Release|Any CPU
		{8F030CE7-951B-478D-5FF1-5FB9A3675BAE}.Release|Any CPU.Build.0 = Release|Any CPU
		{1A70A230-41FA-37CA-CCB1-715A2446DE5E}.Debug|Any CPU.ActiveCfg = Debug|Any CPU
		{1A70A230-41FA-37CA-CCB1-715A2446DE5E}.Debug|Any CPU.Build.0 = Debug|Any CPU
		{1A70A230-41FA-37CA-CCB1-715A2446DE5E}.Release|Any CPU.ActiveCfg = Release|Any CPU
		{1A70A230-41FA-37CA-CCB1-715A2446DE5E}.Release|Any CPU.Build.0 = Release|Any CPU
		{EDBC6556-02C5-AA4F-9A4E-25B7CBB2FF3B}.Debug|Any CPU.ActiveCfg = Debug|Any CPU
		{EDBC6556-02C5-AA4F-9A4E-25B7CBB2FF3B}.Debug|Any CPU.Build.0 = Debug|Any CPU
		{EDBC6556-02C5-AA4F-9A4E-25B7CBB2FF3B}.Release|Any CPU.ActiveCfg = Release|Any CPU
		{EDBC6556-02C5-AA4F-9A4E-25B7CBB2FF3B}.Release|Any CPU.Build.0 = Release|Any CPU
		{5AE6ADFB-7593-DF6C-E1E5-3E1E99F0A3E3}.Debug|Any CPU.ActiveCfg = Debug|Any CPU
		{5AE6ADFB-7593-DF6C-E1E5-3E1E99F0A3E3}.Debug|Any CPU.Build.0 = Debug|Any CPU
		{5AE6ADFB-7593-DF6C-E1E5-3E1E99F0A3E3}.Release|Any CPU.ActiveCfg = Release|Any CPU
		{5AE6ADFB-7593-DF6C-E1E5-3E1E99F0A3E3}.Release|Any CPU.Build.0 = Release|Any CPU
		{19819C7E-87C5-68CF-4F83-44247ED79856}.Debug|Any CPU.ActiveCfg = Debug|Any CPU
		{19819C7E-87C5-68CF-4F83-44247ED79856}.Debug|Any CPU.Build.0 = Debug|Any CPU
		{19819C7E-87C5-68CF-4F83-44247ED79856}.Release|Any CPU.ActiveCfg = Release|Any CPU
		{19819C7E-87C5-68CF-4F83-44247ED79856}.Release|Any CPU.Build.0 = Release|Any CPU
	EndGlobalSection
	GlobalSection(SolutionProperties) = preSolution
		HideSolutionNode = FALSE
	EndGlobalSection
	GlobalSection(NestedProjects) = preSolution
		{2A02D6BE-8747-D353-3022-C6F1527DCAA6} = {8EC462FD-D22E-90A8-E5CE-7E832BA40C5D}
		{DEBE143F-F6A7-4DD7-8B47-924383253005} = {02EA681E-C7D8-13C7-8484-4AC65E1B71E8}
		{D15E2EC3-DCF2-4CF8-ACC3-ACE629B502FC} = {02EA681E-C7D8-13C7-8484-4AC65E1B71E8}
		{8F030CE7-951B-478D-5FF1-5FB9A3675BAE} = {8EC462FD-D22E-90A8-E5CE-7E832BA40C5D}
		{1A70A230-41FA-37CA-CCB1-715A2446DE5E} = {8F060798-F985-4A29-AA2C-442A6EBB06FA}
		{EDBC6556-02C5-AA4F-9A4E-25B7CBB2FF3B} = {8F060798-F985-4A29-AA2C-442A6EBB06FA}
		{5AE6ADFB-7593-DF6C-E1E5-3E1E99F0A3E3} = {8EC462FD-D22E-90A8-E5CE-7E832BA40C5D}
		{02EA681E-C7D8-13C7-8484-4AC65E1B71E8} = {7784A950-4F93-45E6-840F-6E7AA61F1249}
		{8F060798-F985-4A29-AA2C-442A6EBB06FA} = {7784A950-4F93-45E6-840F-6E7AA61F1249}
		{B007EB0B-B76B-40BF-A10A-126D6FCE744C} = {7784A950-4F93-45E6-840F-6E7AA61F1249}
		{19819C7E-87C5-68CF-4F83-44247ED79856} = {B007EB0B-B76B-40BF-A10A-126D6FCE744C}
	EndGlobalSection
	GlobalSection(ExtensibilityGlobals) = postSolution
		SolutionGuid = {04AACAE6-2030-485B-AE96-E6AF99AFD21A}
	EndGlobalSection
EndGlobal
