
Microsoft Visual Studio Solution File, Format Version 12.00
# Visual Studio Version 17
VisualStudioVersion = 17.14.36015.10
MinimumVisualStudioVersion = 10.0.40219.1
Project("{FAE04EC0-301F-11D3-BF4B-00C04F79EFBC}") = "SfDocFilter_03", "SfDocFilter_03\SfDocFilter_03.csproj", "{AC30F603-474A-455C-ADBB-C706558D6F71}"
EndProject
Project("{2150E333-8FDC-42A3-9474-1A3956D46DE8}") = "UI", "UI", "{02EA681E-C7D8-13C7-8484-4AC65E1B71E8}"
EndProject
Project("{2150E333-8FDC-42A3-9474-1A3956D46DE8}") = "Docs", "Docs", "{58455484-96FB-4923-8828-A47220A21586}"
	ProjectSection(SolutionItems) = preProject
		Readme.md = Readme.md
	EndProjectSection
EndProject
Project("{2150E333-8FDC-42A3-9474-1A3956D46DE8}") = "_CommonLibs", "_CommonLibs", "{78A54D39-2067-424A-A6BD-93F58DEC2F56}"
EndProject
Project("{2150E333-8FDC-42A3-9474-1A3956D46DE8}") = "DataAccess", "DataAccess", "{21BFB92D-0771-4218-90C4-22CD319BC5A0}"
EndProject
Project("{2150E333-8FDC-42A3-9474-1A3956D46DE8}") = "BusinessLibrary", "BusinessLibrary", "{875113FC-6CD8-48A3-9254-605874D117FB}"
EndProject
Project("{FAE04EC0-301F-11D3-BF4B-00C04F79EFBC}") = "AppConst", "AppConst\AppConst.csproj", "{EEE2D13E-D442-B428-EB2C-3309D033A11B}"
EndProject
Project("{FAE04EC0-301F-11D3-BF4B-00C04F79EFBC}") = "AppDataLibAdo", "AppDataLibAdo\AppDataLibAdo.csproj", "{6C873DCF-B47A-B15E-96D7-5B47531B742D}"
EndProject
Project("{FAE04EC0-301F-11D3-BF4B-00C04F79EFBC}") = "AppMainLib", "AppMainLib\AppMainLib.csproj", "{C836EF44-35AB-FA50-CADE-62EFCE48AF92}"
EndProject
Project("{FAE04EC0-301F-11D3-BF4B-00C04F79EFBC}") = "AppExtensions", "AppExtensions\AppExtensions.csproj", "{CC8670E5-B1FA-3141-7AD7-F5A73516611D}"
EndProject
Project("{FAE04EC0-301F-11D3-BF4B-00C04F79EFBC}") = "SfDocFilter.BO", "SfDocFilter.BO\SfDocFilter.BO.csproj", "{F73A85B5-6880-4DAD-A200-7C454BD47CEE}"
EndProject
Project("{FAE04EC0-301F-11D3-BF4B-00C04F79EFBC}") = "SfDocFilter.Dal", "SfDocFilter.Dal\SfDocFilter.Dal.csproj", "{6E9F542F-F487-42A2-B66E-18EE14863E97}"
EndProject
Project("{FAE04EC0-301F-11D3-BF4B-00C04F79EFBC}") = "SfDocFilter.DalMock", "SfDocFilter.DalMock\SfDocFilter.DalMock.csproj", "{E8FCEBA0-121C-4685-A25A-3C5346E97D0F}"
EndProject
Project("{FAE04EC0-301F-11D3-BF4B-00C04F79EFBC}") = "SfDocFilter.DalSql", "SfDocFilter.DalSql\SfDocFilter.DalSql.csproj", "{AC0C174E-8003-40E1-8FD7-4450AC16697A}"
EndProject
Project("{FAE04EC0-301F-11D3-BF4B-00C04F79EFBC}") = "SfDocFilter.DalSqlite", "SfDocFilter.DalSqlite\SfDocFilter.DalSqlite.csproj", "{A7A777D8-2B5E-46B7-AA1E-E50041521C4B}"
EndProject
Global
	GlobalSection(SolutionConfigurationPlatforms) = preSolution
		Debug|Any CPU = Debug|Any CPU
		Release|Any CPU = Release|Any CPU
	EndGlobalSection
	GlobalSection(ProjectConfigurationPlatforms) = postSolution
		{AC30F603-474A-455C-ADBB-C706558D6F71}.Debug|Any CPU.ActiveCfg = Debug|Any CPU
		{AC30F603-474A-455C-ADBB-C706558D6F71}.Debug|Any CPU.Build.0 = Debug|Any CPU
		{AC30F603-474A-455C-ADBB-C706558D6F71}.Release|Any CPU.ActiveCfg = Release|Any CPU
		{AC30F603-474A-455C-ADBB-C706558D6F71}.Release|Any CPU.Build.0 = Release|Any CPU
		{EEE2D13E-D442-B428-EB2C-3309D033A11B}.Debug|Any CPU.ActiveCfg = Debug|Any CPU
		{EEE2D13E-D442-B428-EB2C-3309D033A11B}.Debug|Any CPU.Build.0 = Debug|Any CPU
		{EEE2D13E-D442-B428-EB2C-3309D033A11B}.Release|Any CPU.ActiveCfg = Release|Any CPU
		{EEE2D13E-D442-B428-EB2C-3309D033A11B}.Release|Any CPU.Build.0 = Release|Any CPU
		{6C873DCF-B47A-B15E-96D7-5B47531B742D}.Debug|Any CPU.ActiveCfg = Debug|Any CPU
		{6C873DCF-B47A-B15E-96D7-5B47531B742D}.Debug|Any CPU.Build.0 = Debug|Any CPU
		{6C873DCF-B47A-B15E-96D7-5B47531B742D}.Release|Any CPU.ActiveCfg = Release|Any CPU
		{6C873DCF-B47A-B15E-96D7-5B47531B742D}.Release|Any CPU.Build.0 = Release|Any CPU
		{C836EF44-35AB-FA50-CADE-62EFCE48AF92}.Debug|Any CPU.ActiveCfg = Debug|Any CPU
		{C836EF44-35AB-FA50-CADE-62EFCE48AF92}.Debug|Any CPU.Build.0 = Debug|Any CPU
		{C836EF44-35AB-FA50-CADE-62EFCE48AF92}.Release|Any CPU.ActiveCfg = Release|Any CPU
		{C836EF44-35AB-FA50-CADE-62EFCE48AF92}.Release|Any CPU.Build.0 = Release|Any CPU
		{CC8670E5-B1FA-3141-7AD7-F5A73516611D}.Debug|Any CPU.ActiveCfg = Debug|Any CPU
		{CC8670E5-B1FA-3141-7AD7-F5A73516611D}.Debug|Any CPU.Build.0 = Debug|Any CPU
		{CC8670E5-B1FA-3141-7AD7-F5A73516611D}.Release|Any CPU.ActiveCfg = Release|Any CPU
		{CC8670E5-B1FA-3141-7AD7-F5A73516611D}.Release|Any CPU.Build.0 = Release|Any CPU
		{F73A85B5-6880-4DAD-A200-7C454BD47CEE}.Debug|Any CPU.ActiveCfg = Debug|Any CPU
		{F73A85B5-6880-4DAD-A200-7C454BD47CEE}.Debug|Any CPU.Build.0 = Debug|Any CPU
		{F73A85B5-6880-4DAD-A200-7C454BD47CEE}.Release|Any CPU.ActiveCfg = Release|Any CPU
		{F73A85B5-6880-4DAD-A200-7C454BD47CEE}.Release|Any CPU.Build.0 = Release|Any CPU
		{6E9F542F-F487-42A2-B66E-18EE14863E97}.Debug|Any CPU.ActiveCfg = Debug|Any CPU
		{6E9F542F-F487-42A2-B66E-18EE14863E97}.Debug|Any CPU.Build.0 = Debug|Any CPU
		{6E9F542F-F487-42A2-B66E-18EE14863E97}.Release|Any CPU.ActiveCfg = Release|Any CPU
		{6E9F542F-F487-42A2-B66E-18EE14863E97}.Release|Any CPU.Build.0 = Release|Any CPU
		{E8FCEBA0-121C-4685-A25A-3C5346E97D0F}.Debug|Any CPU.ActiveCfg = Debug|Any CPU
		{E8FCEBA0-121C-4685-A25A-3C5346E97D0F}.Debug|Any CPU.Build.0 = Debug|Any CPU
		{E8FCEBA0-121C-4685-A25A-3C5346E97D0F}.Release|Any CPU.ActiveCfg = Release|Any CPU
		{E8FCEBA0-121C-4685-A25A-3C5346E97D0F}.Release|Any CPU.Build.0 = Release|Any CPU
		{AC0C174E-8003-40E1-8FD7-4450AC16697A}.Debug|Any CPU.ActiveCfg = Debug|Any CPU
		{AC0C174E-8003-40E1-8FD7-4450AC16697A}.Debug|Any CPU.Build.0 = Debug|Any CPU
		{AC0C174E-8003-40E1-8FD7-4450AC16697A}.Release|Any CPU.ActiveCfg = Release|Any CPU
		{AC0C174E-8003-40E1-8FD7-4450AC16697A}.Release|Any CPU.Build.0 = Release|Any CPU
		{A7A777D8-2B5E-46B7-AA1E-E50041521C4B}.Debug|Any CPU.ActiveCfg = Debug|Any CPU
		{A7A777D8-2B5E-46B7-AA1E-E50041521C4B}.Debug|Any CPU.Build.0 = Debug|Any CPU
		{A7A777D8-2B5E-46B7-AA1E-E50041521C4B}.Release|Any CPU.ActiveCfg = Release|Any CPU
		{A7A777D8-2B5E-46B7-AA1E-E50041521C4B}.Release|Any CPU.Build.0 = Release|Any CPU
	EndGlobalSection
	GlobalSection(SolutionProperties) = preSolution
		HideSolutionNode = FALSE
	EndGlobalSection
	GlobalSection(NestedProjects) = preSolution
		{AC30F603-474A-455C-ADBB-C706558D6F71} = {02EA681E-C7D8-13C7-8484-4AC65E1B71E8}
		{EEE2D13E-D442-B428-EB2C-3309D033A11B} = {78A54D39-2067-424A-A6BD-93F58DEC2F56}
		{6C873DCF-B47A-B15E-96D7-5B47531B742D} = {78A54D39-2067-424A-A6BD-93F58DEC2F56}
		{C836EF44-35AB-FA50-CADE-62EFCE48AF92} = {78A54D39-2067-424A-A6BD-93F58DEC2F56}
		{CC8670E5-B1FA-3141-7AD7-F5A73516611D} = {78A54D39-2067-424A-A6BD-93F58DEC2F56}
		{F73A85B5-6880-4DAD-A200-7C454BD47CEE} = {875113FC-6CD8-48A3-9254-605874D117FB}
		{6E9F542F-F487-42A2-B66E-18EE14863E97} = {21BFB92D-0771-4218-90C4-22CD319BC5A0}
		{E8FCEBA0-121C-4685-A25A-3C5346E97D0F} = {21BFB92D-0771-4218-90C4-22CD319BC5A0}
		{AC0C174E-8003-40E1-8FD7-4450AC16697A} = {21BFB92D-0771-4218-90C4-22CD319BC5A0}
		{A7A777D8-2B5E-46B7-AA1E-E50041521C4B} = {21BFB92D-0771-4218-90C4-22CD319BC5A0}
	EndGlobalSection
	GlobalSection(ExtensibilityGlobals) = postSolution
		SolutionGuid = {502B38E2-DB15-4BE9-A537-731A91E13ED8}
	EndGlobalSection
EndGlobal
