
Microsoft Visual Studio Solution File, Format Version 12.00
# Visual Studio Version 17
VisualStudioVersion = 17.14.36015.10 d17.14
MinimumVisualStudioVersion = 10.0.40219.1
Project("{FAE04EC0-301F-11D3-BF4B-00C04F79EFBC}") = "SfDocFilter_01", "SfDocFilter_01\SfDocFilter_01.csproj", "{34B3370F-5ED7-4786-9D1E-9EFC137BCD84}"
EndProject
Global
	GlobalSection(SolutionConfigurationPlatforms) = preSolution
		Debug|Any CPU = Debug|Any CPU
		Release|Any CPU = Release|Any CPU
	EndGlobalSection
	GlobalSection(ProjectConfigurationPlatforms) = postSolution
		{34B3370F-5ED7-4786-9D1E-9EFC137BCD84}.Debug|Any CPU.ActiveCfg = Debug|Any CPU
		{34B3370F-5ED7-4786-9D1E-9EFC137BCD84}.Debug|Any CPU.Build.0 = Debug|Any CPU
		{34B3370F-5ED7-4786-9D1E-9EFC137BCD84}.Release|Any CPU.ActiveCfg = Release|Any CPU
		{34B3370F-5ED7-4786-9D1E-9EFC137BCD84}.Release|Any CPU.Build.0 = Release|Any CPU
	EndGlobalSection
	GlobalSection(SolutionProperties) = preSolution
		HideSolutionNode = FALSE
	EndGlobalSection
	GlobalSection(ExtensibilityGlobals) = postSolution
		SolutionGuid = {5D8BB405-5771-428F-A5BB-C1AD68F92CDA}
	EndGlobalSection
EndGlobal
