
Microsoft Visual Studio Solution File, Format Version 12.00
# Visual Studio Version 17
VisualStudioVersion = 17.14.36015.10 d17.14
MinimumVisualStudioVersion = 10.0.40219.1
Project("{FAE04EC0-301F-11D3-BF4B-00C04F79EFBC}") = "CallApi_02", "CallApi_02\CallApi_02.csproj", "{BD32DA5D-AB5D-425F-AEBB-DE8426DEA7B4}"
EndProject
Global
	GlobalSection(SolutionConfigurationPlatforms) = preSolution
		Debug|Any CPU = Debug|Any CPU
		Release|Any CPU = Release|Any CPU
	EndGlobalSection
	GlobalSection(ProjectConfigurationPlatforms) = postSolution
		{BD32DA5D-AB5D-425F-AEBB-DE8426DEA7B4}.Debug|Any CPU.ActiveCfg = Debug|Any CPU
		{BD32DA5D-AB5D-425F-AEBB-DE8426DEA7B4}.Debug|Any CPU.Build.0 = Debug|Any CPU
		{BD32DA5D-AB5D-425F-AEBB-DE8426DEA7B4}.Release|Any CPU.ActiveCfg = Release|Any CPU
		{BD32DA5D-AB5D-425F-AEBB-DE8426DEA7B4}.Release|Any CPU.Build.0 = Release|Any CPU
	EndGlobalSection
	GlobalSection(SolutionProperties) = preSolution
		HideSolutionNode = FALSE
	EndGlobalSection
	GlobalSection(ExtensibilityGlobals) = postSolution
		SolutionGuid = {A4975301-52E6-46A1-8BE2-DD87E3C428ED}
	EndGlobalSection
EndGlobal
