
Microsoft Visual Studio Solution File, Format Version 12.00
# Visual Studio Version 17
VisualStudioVersion = 17.12.35323.107
MinimumVisualStudioVersion = 10.0.40219.1
Project("{FAE04EC0-301F-11D3-BF4B-00C04F79EFBC}") = "FileServer", "FileServer\FileServer.csproj", "{0A132CE1-7903-44F2-A1ED-CF602E9D598A}"
EndProject
Global
	GlobalSection(SolutionConfigurationPlatforms) = preSolution
		Debug|Any CPU = Debug|Any CPU
		Release|Any CPU = Release|Any CPU
	EndGlobalSection
	GlobalSection(ProjectConfigurationPlatforms) = postSolution
		{0A132CE1-7903-44F2-A1ED-CF602E9D598A}.Debug|Any CPU.ActiveCfg = Debug|Any CPU
		{0A132CE1-7903-44F2-A1ED-CF602E9D598A}.Debug|Any CPU.Build.0 = Debug|Any CPU
		{0A132CE1-7903-44F2-A1ED-CF602E9D598A}.Release|Any CPU.ActiveCfg = Release|Any CPU
		{0A132CE1-7903-44F2-A1ED-CF602E9D598A}.Release|Any CPU.Build.0 = Release|Any CPU
	EndGlobalSection
	GlobalSection(SolutionProperties) = preSolution
		HideSolutionNode = FALSE
	EndGlobalSection
	GlobalSection(ExtensibilityGlobals) = postSolution
		SolutionGuid = {ACED9EDC-8077-4D1D-A09A-38905EFC64C9}
	EndGlobalSection
EndGlobal
